
Microsoft Visual Studio Solution File, Format Version 12.00
# Visual Studio Version 16
VisualStudioVersion = 16.0.30105.148
MinimumVisualStudioVersion = 10.0.40219.1
Project("{FAE04EC0-301F-11D3-BF4B-00C04F79EFBC}") = "Levy3", "Levy3\Levy3.csproj", "{7EECBF5D-A9EF-4C3B-8DFE-6E0D5E21D392}"
EndProject
Global
	GlobalSection(SolutionConfigurationPlatforms) = preSolution
		Debug|Any CPU = Debug|Any CPU
		Release|Any CPU = Release|Any CPU
	EndGlobalSection
	GlobalSection(ProjectConfigurationPlatforms) = postSolution
		{7EECBF5D-A9EF-4C3B-8DFE-6E0D5E21D392}.Debug|Any CPU.ActiveCfg = Debug|Any CPU
		{7EECBF5D-A9EF-4C3B-8DFE-6E0D5E21D392}.Debug|Any CPU.Build.0 = Debug|Any CPU
		{7EECBF5D-A9EF-4C3B-8DFE-6E0D5E21D392}.Release|Any CPU.ActiveCfg = Release|Any CPU
		{7EECBF5D-A9EF-4C3B-8DFE-6E0D5E21D392}.Release|Any CPU.Build.0 = Release|Any CPU
	EndGlobalSection
	GlobalSection(SolutionProperties) = preSolution
		HideSolutionNode = FALSE
	EndGlobalSection
	GlobalSection(ExtensibilityGlobals) = postSolution
		SolutionGuid = {22CB4D66-EE6D-42C8-A83E-34F862EF5CDD}
	EndGlobalSection
EndGlobal
